
Microsoft Visual Studio Solution File, Format Version 12.00
# Visual Studio Version 16
VisualStudioVersion = 16.0.32802.440
MinimumVisualStudioVersion = 10.0.40219.1
Project("{FAE04EC0-301F-11D3-BF4B-00C04F79EFBC}") = "WPFApp", "WPFApp.csproj", "{F3C8D5A9-83BE-479B-9509-1F3AD50E6E1F}"
EndProject
Global
	GlobalSection(SolutionConfigurationPlatforms) = preSolution
		Debug|Any CPU = Debug|Any CPU
		Release|Any CPU = Release|Any CPU
	EndGlobalSection
	GlobalSection(ProjectConfigurationPlatforms) = postSolution
		{F3C8D5A9-83BE-479B-9509-1F3AD50E6E1F}.Debug|Any CPU.ActiveCfg = Debug|Any CPU
		{F3C8D5A9-83BE-479B-9509-1F3AD50E6E1F}.Debug|Any CPU.Build.0 = Debug|Any CPU
		{F3C8D5A9-83BE-479B-9509-1F3AD50E6E1F}.Release|Any CPU.ActiveCfg = Release|Any CPU
		{F3C8D5A9-83BE-479B-9509-1F3AD50E6E1F}.Release|Any CPU.Build.0 = Release|Any CPU
	EndGlobalSection
	GlobalSection(SolutionProperties) = preSolution
		HideSolutionNode = FALSE
	EndGlobalSection
	GlobalSection(ExtensibilityGlobals) = postSolution
		SolutionGuid = {BA1B02A1-63D0-4818-8D1E-B457BED0CE72}
	EndGlobalSection
EndGlobal
