
Microsoft Visual Studio Solution File, Format Version 12.00
# Visual Studio 15
VisualStudioVersion = 15.0.33801.198
MinimumVisualStudioVersion = 10.0.40219.1
Project("{8BC9CEB8-8B4A-11D0-8D11-00A0C91BC942}") = "c++Dll", "c++Dll\c++Dll.vcxproj", "{A7ADF511-A13E-4ED7-8C5E-A2A6BC732CF1}"
EndProject
Global
	GlobalSection(SolutionConfigurationPlatforms) = preSolution
		Debug|x64 = Debug|x64
		Debug|x86 = Debug|x86
		Release|x64 = Release|x64
		Release|x86 = Release|x86
	EndGlobalSection
	GlobalSection(ProjectConfigurationPlatforms) = postSolution
		{A7ADF511-A13E-4ED7-8C5E-A2A6BC732CF1}.Debug|x64.ActiveCfg = Debug|x64
		{A7ADF511-A13E-4ED7-8C5E-A2A6BC732CF1}.Debug|x64.Build.0 = Debug|x64
		{A7ADF511-A13E-4ED7-8C5E-A2A6BC732CF1}.Debug|x86.ActiveCfg = Debug|Win32
		{A7ADF511-A13E-4ED7-8C5E-A2A6BC732CF1}.Debug|x86.Build.0 = Debug|Win32
		{A7ADF511-A13E-4ED7-8C5E-A2A6BC732CF1}.Release|x64.ActiveCfg = Release|x64
		{A7ADF511-A13E-4ED7-8C5E-A2A6BC732CF1}.Release|x64.Build.0 = Release|x64
		{A7ADF511-A13E-4ED7-8C5E-A2A6BC732CF1}.Release|x86.ActiveCfg = Release|Win32
		{A7ADF511-A13E-4ED7-8C5E-A2A6BC732CF1}.Release|x86.Build.0 = Release|Win32
	EndGlobalSection
	GlobalSection(SolutionProperties) = preSolution
		HideSolutionNode = FALSE
	EndGlobalSection
	GlobalSection(ExtensibilityGlobals) = postSolution
		SolutionGuid = {4E6D4075-A382-4CC0-83AB-CBD8F5286794}
	EndGlobalSection
EndGlobal
