
Microsoft Visual Studio Solution File, Format Version 12.00
# Visual Studio Version 17
VisualStudioVersion = 17.2.32505.173
MinimumVisualStudioVersion = 10.0.40219.1
Project("{9A19103F-16F7-4668-BE54-9A1E7A4F7556}") = "AsynChronous", "Asynchronous\AsynChronous.csproj", "{8EBDA07E-DED5-4636-8C6E-F5F77F25B754}"
EndProject
Project("{FAE04EC0-301F-11D3-BF4B-00C04F79EFBC}") = "AsyncForm", "AsyncForm\AsyncForm.csproj", "{5830B63B-C64D-48A2-B169-5C0DC7A3ECED}"
EndProject
Global
	GlobalSection(SolutionConfigurationPlatforms) = preSolution
		Debug|Any CPU = Debug|Any CPU
		Release|Any CPU = Release|Any CPU
	EndGlobalSection
	GlobalSection(ProjectConfigurationPlatforms) = postSolution
		{8EBDA07E-DED5-4636-8C6E-F5F77F25B754}.Debug|Any CPU.ActiveCfg = Debug|Any CPU
		{8EBDA07E-DED5-4636-8C6E-F5F77F25B754}.Debug|Any CPU.Build.0 = Debug|Any CPU
		{8EBDA07E-DED5-4636-8C6E-F5F77F25B754}.Release|Any CPU.ActiveCfg = Release|Any CPU
		{8EBDA07E-DED5-4636-8C6E-F5F77F25B754}.Release|Any CPU.Build.0 = Release|Any CPU
		{5830B63B-C64D-48A2-B169-5C0DC7A3ECED}.Debug|Any CPU.ActiveCfg = Debug|Any CPU
		{5830B63B-C64D-48A2-B169-5C0DC7A3ECED}.Debug|Any CPU.Build.0 = Debug|Any CPU
		{5830B63B-C64D-48A2-B169-5C0DC7A3ECED}.Release|Any CPU.ActiveCfg = Release|Any CPU
		{5830B63B-C64D-48A2-B169-5C0DC7A3ECED}.Release|Any CPU.Build.0 = Release|Any CPU
	EndGlobalSection
	GlobalSection(SolutionProperties) = preSolution
		HideSolutionNode = FALSE
	EndGlobalSection
	GlobalSection(ExtensibilityGlobals) = postSolution
		SolutionGuid = {5C899B12-2401-48A1-8164-EA62648B75B4}
	EndGlobalSection
EndGlobal
