
Microsoft Visual Studio Solution File, Format Version 12.00
# Visual Studio Version 16
VisualStudioVersion = 16.0.32407.337
MinimumVisualStudioVersion = 10.0.40219.1
Project("{FAE04EC0-301F-11D3-BF4B-00C04F79EFBC}") = "DevFormDemo", "DevFormDemo.csproj", "{5EF9ED6F-3349-45F4-BED3-88923CB8E906}"
EndProject
Global
	GlobalSection(SolutionConfigurationPlatforms) = preSolution
		Debug|Any CPU = Debug|Any CPU
		Release|Any CPU = Release|Any CPU
	EndGlobalSection
	GlobalSection(ProjectConfigurationPlatforms) = postSolution
		{5EF9ED6F-3349-45F4-BED3-88923CB8E906}.Debug|Any CPU.ActiveCfg = Debug|Any CPU
		{5EF9ED6F-3349-45F4-BED3-88923CB8E906}.Debug|Any CPU.Build.0 = Debug|Any CPU
		{5EF9ED6F-3349-45F4-BED3-88923CB8E906}.Release|Any CPU.ActiveCfg = Release|Any CPU
		{5EF9ED6F-3349-45F4-BED3-88923CB8E906}.Release|Any CPU.Build.0 = Release|Any CPU
	EndGlobalSection
	GlobalSection(SolutionProperties) = preSolution
		HideSolutionNode = FALSE
	EndGlobalSection
	GlobalSection(ExtensibilityGlobals) = postSolution
		SolutionGuid = {9AC07D7F-E160-4B54-A4DE-79A7C0E293CC}
	EndGlobalSection
EndGlobal
