
Microsoft Visual Studio Solution File, Format Version 12.00
# Visual Studio Version 17
VisualStudioVersion = 17.2.32505.173
MinimumVisualStudioVersion = 10.0.40219.1
Project("{9A19103F-16F7-4668-BE54-9A1E7A4F7556}") = "PrismDemo", "PrismDemo.csproj", "{6BD92CCA-214C-42AE-B929-A614F70E1E5D}"
EndProject
Project("{9A19103F-16F7-4668-BE54-9A1E7A4F7556}") = "ModuleA", "..\ModuleA\ModuleA.csproj", "{BCD2DBE6-9C35-4BC6-B05A-A31C26FCDA46}"
EndProject
Project("{9A19103F-16F7-4668-BE54-9A1E7A4F7556}") = "ModuleB", "..\ModuleB\ModuleB.csproj", "{90D1D478-1A48-430E-A226-E29458330955}"
EndProject
Project("{FAE04EC0-301F-11D3-BF4B-00C04F79EFBC}") = "ModuleC", "..\ModuleC\ModuleC.csproj", "{AD522AAC-DB9C-453F-ACD9-265E312E843D}"
EndProject
Global
	GlobalSection(SolutionConfigurationPlatforms) = preSolution
		Debug|Any CPU = Debug|Any CPU
		Debug|x86 = Debug|x86
		Release|Any CPU = Release|Any CPU
		Release|x86 = Release|x86
	EndGlobalSection
	GlobalSection(ProjectConfigurationPlatforms) = postSolution
		{6BD92CCA-214C-42AE-B929-A614F70E1E5D}.Debug|Any CPU.ActiveCfg = Debug|Any CPU
		{6BD92CCA-214C-42AE-B929-A614F70E1E5D}.Debug|Any CPU.Build.0 = Debug|Any CPU
		{6BD92CCA-214C-42AE-B929-A614F70E1E5D}.Debug|x86.ActiveCfg = Debug|x86
		{6BD92CCA-214C-42AE-B929-A614F70E1E5D}.Debug|x86.Build.0 = Debug|x86
		{6BD92CCA-214C-42AE-B929-A614F70E1E5D}.Release|Any CPU.ActiveCfg = Release|Any CPU
		{6BD92CCA-214C-42AE-B929-A614F70E1E5D}.Release|Any CPU.Build.0 = Release|Any CPU
		{6BD92CCA-214C-42AE-B929-A614F70E1E5D}.Release|x86.ActiveCfg = Release|x86
		{6BD92CCA-214C-42AE-B929-A614F70E1E5D}.Release|x86.Build.0 = Release|x86
		{BCD2DBE6-9C35-4BC6-B05A-A31C26FCDA46}.Debug|Any CPU.ActiveCfg = Debug|Any CPU
		{BCD2DBE6-9C35-4BC6-B05A-A31C26FCDA46}.Debug|Any CPU.Build.0 = Debug|Any CPU
		{BCD2DBE6-9C35-4BC6-B05A-A31C26FCDA46}.Debug|x86.ActiveCfg = Debug|Any CPU
		{BCD2DBE6-9C35-4BC6-B05A-A31C26FCDA46}.Debug|x86.Build.0 = Debug|Any CPU
		{BCD2DBE6-9C35-4BC6-B05A-A31C26FCDA46}.Release|Any CPU.ActiveCfg = Release|Any CPU
		{BCD2DBE6-9C35-4BC6-B05A-A31C26FCDA46}.Release|Any CPU.Build.0 = Release|Any CPU
		{BCD2DBE6-9C35-4BC6-B05A-A31C26FCDA46}.Release|x86.ActiveCfg = Release|Any CPU
		{BCD2DBE6-9C35-4BC6-B05A-A31C26FCDA46}.Release|x86.Build.0 = Release|Any CPU
		{90D1D478-1A48-430E-A226-E29458330955}.Debug|Any CPU.ActiveCfg = Debug|Any CPU
		{90D1D478-1A48-430E-A226-E29458330955}.Debug|Any CPU.Build.0 = Debug|Any CPU
		{90D1D478-1A48-430E-A226-E29458330955}.Debug|x86.ActiveCfg = Debug|Any CPU
		{90D1D478-1A48-430E-A226-E29458330955}.Debug|x86.Build.0 = Debug|Any CPU
		{90D1D478-1A48-430E-A226-E29458330955}.Release|Any CPU.ActiveCfg = Release|Any CPU
		{90D1D478-1A48-430E-A226-E29458330955}.Release|Any CPU.Build.0 = Release|Any CPU
		{90D1D478-1A48-430E-A226-E29458330955}.Release|x86.ActiveCfg = Release|Any CPU
		{90D1D478-1A48-430E-A226-E29458330955}.Release|x86.Build.0 = Release|Any CPU
		{AD522AAC-DB9C-453F-ACD9-265E312E843D}.Debug|Any CPU.ActiveCfg = Debug|Any CPU
		{AD522AAC-DB9C-453F-ACD9-265E312E843D}.Debug|Any CPU.Build.0 = Debug|Any CPU
		{AD522AAC-DB9C-453F-ACD9-265E312E843D}.Debug|x86.ActiveCfg = Debug|Any CPU
		{AD522AAC-DB9C-453F-ACD9-265E312E843D}.Debug|x86.Build.0 = Debug|Any CPU
		{AD522AAC-DB9C-453F-ACD9-265E312E843D}.Release|Any CPU.ActiveCfg = Release|Any CPU
		{AD522AAC-DB9C-453F-ACD9-265E312E843D}.Release|Any CPU.Build.0 = Release|Any CPU
		{AD522AAC-DB9C-453F-ACD9-265E312E843D}.Release|x86.ActiveCfg = Release|Any CPU
		{AD522AAC-DB9C-453F-ACD9-265E312E843D}.Release|x86.Build.0 = Release|Any CPU
	EndGlobalSection
	GlobalSection(SolutionProperties) = preSolution
		HideSolutionNode = FALSE
	EndGlobalSection
	GlobalSection(ExtensibilityGlobals) = postSolution
		SolutionGuid = {1BED0E9D-130E-4950-84DC-6BDEA7C478C5}
	EndGlobalSection
EndGlobal
