
Microsoft Visual Studio Solution File, Format Version 12.00
# Visual Studio Version 17
VisualStudioVersion = 17.2.32505.173
MinimumVisualStudioVersion = 10.0.40219.1
Project("{FAE04EC0-301F-11D3-BF4B-00C04F79EFBC}") = "SuperSocketWpf", "SuperSocketWpf.csproj", "{673871A6-2BB5-46B1-B617-158B5E28284D}"
EndProject
Global
	GlobalSection(SolutionConfigurationPlatforms) = preSolution
		Debug|Any CPU = Debug|Any CPU
		Release|Any CPU = Release|Any CPU
	EndGlobalSection
	GlobalSection(ProjectConfigurationPlatforms) = postSolution
		{673871A6-2BB5-46B1-B617-158B5E28284D}.Debug|Any CPU.ActiveCfg = Debug|Any CPU
		{673871A6-2BB5-46B1-B617-158B5E28284D}.Debug|Any CPU.Build.0 = Debug|Any CPU
		{673871A6-2BB5-46B1-B617-158B5E28284D}.Release|Any CPU.ActiveCfg = Release|Any CPU
		{673871A6-2BB5-46B1-B617-158B5E28284D}.Release|Any CPU.Build.0 = Release|Any CPU
	EndGlobalSection
	GlobalSection(SolutionProperties) = preSolution
		HideSolutionNode = FALSE
	EndGlobalSection
	GlobalSection(ExtensibilityGlobals) = postSolution
		SolutionGuid = {0C1D9B45-923A-480C-8B3C-579758D608EE}
	EndGlobalSection
EndGlobal
