
Microsoft Visual Studio Solution File, Format Version 12.00
# Visual Studio Version 17
VisualStudioVersion = 17.10.35013.160
MinimumVisualStudioVersion = 10.0.40219.1
Project("{FAE04EC0-301F-11D3-BF4B-00C04F79EFBC}") = "SoundCard", "SoundCard.csproj", "{65990F38-A2A6-42A0-855A-6BD54239D420}"
EndProject
Global
	GlobalSection(SolutionConfigurationPlatforms) = preSolution
		Debug|Any CPU = Debug|Any CPU
		Release|Any CPU = Release|Any CPU
	EndGlobalSection
	GlobalSection(ProjectConfigurationPlatforms) = postSolution
		{65990F38-A2A6-42A0-855A-6BD54239D420}.Debug|Any CPU.ActiveCfg = Debug|Any CPU
		{65990F38-A2A6-42A0-855A-6BD54239D420}.Debug|Any CPU.Build.0 = Debug|Any CPU
		{65990F38-A2A6-42A0-855A-6BD54239D420}.Release|Any CPU.ActiveCfg = Release|Any CPU
		{65990F38-A2A6-42A0-855A-6BD54239D420}.Release|Any CPU.Build.0 = Release|Any CPU
	EndGlobalSection
	GlobalSection(SolutionProperties) = preSolution
		HideSolutionNode = FALSE
	EndGlobalSection
	GlobalSection(ExtensibilityGlobals) = postSolution
		SolutionGuid = {7AC82683-41A0-40B5-9D2E-B81CD6BD60AB}
	EndGlobalSection
EndGlobal
