
Microsoft Visual Studio Solution File, Format Version 12.00
# Visual Studio Version 16
VisualStudioVersion = 16.0.32407.337
MinimumVisualStudioVersion = 10.0.40219.1
Project("{FAE04EC0-301F-11D3-BF4B-00C04F79EFBC}") = "GetDeviceName", "GetDeviceName.csproj", "{6507302C-09F7-4425-BC7C-C790BBDEFABC}"
EndProject
Global
	GlobalSection(SolutionConfigurationPlatforms) = preSolution
		Debug|Any CPU = Debug|Any CPU
		Release|Any CPU = Release|Any CPU
	EndGlobalSection
	GlobalSection(ProjectConfigurationPlatforms) = postSolution
		{6507302C-09F7-4425-BC7C-C790BBDEFABC}.Debug|Any CPU.ActiveCfg = Debug|Any CPU
		{6507302C-09F7-4425-BC7C-C790BBDEFABC}.Debug|Any CPU.Build.0 = Debug|Any CPU
		{6507302C-09F7-4425-BC7C-C790BBDEFABC}.Release|Any CPU.ActiveCfg = Release|Any CPU
		{6507302C-09F7-4425-BC7C-C790BBDEFABC}.Release|Any CPU.Build.0 = Release|Any CPU
	EndGlobalSection
	GlobalSection(SolutionProperties) = preSolution
		HideSolutionNode = FALSE
	EndGlobalSection
	GlobalSection(ExtensibilityGlobals) = postSolution
		SolutionGuid = {78388FF5-BB3E-4076-AB93-CB521548B62D}
	EndGlobalSection
EndGlobal
