
Microsoft Visual Studio Solution File, Format Version 12.00
# Visual Studio Version 16
VisualStudioVersion = 16.0.32407.337
MinimumVisualStudioVersion = 10.0.40219.1
Project("{FAE04EC0-301F-11D3-BF4B-00C04F79EFBC}") = "Mp3Player", "Mp3Player.csproj", "{A53FA36E-433C-4B54-BCCF-DB1BA3E0AC46}"
EndProject
Global
	GlobalSection(SolutionConfigurationPlatforms) = preSolution
		Debug|Any CPU = Debug|Any CPU
		Release|Any CPU = Release|Any CPU
	EndGlobalSection
	GlobalSection(ProjectConfigurationPlatforms) = postSolution
		{A53FA36E-433C-4B54-BCCF-DB1BA3E0AC46}.Debug|Any CPU.ActiveCfg = Debug|Any CPU
		{A53FA36E-433C-4B54-BCCF-DB1BA3E0AC46}.Debug|Any CPU.Build.0 = Debug|Any CPU
		{A53FA36E-433C-4B54-BCCF-DB1BA3E0AC46}.Release|Any CPU.ActiveCfg = Release|Any CPU
		{A53FA36E-433C-4B54-BCCF-DB1BA3E0AC46}.Release|Any CPU.Build.0 = Release|Any CPU
	EndGlobalSection
	GlobalSection(SolutionProperties) = preSolution
		HideSolutionNode = FALSE
	EndGlobalSection
	GlobalSection(ExtensibilityGlobals) = postSolution
		SolutionGuid = {B4C060E3-45BA-46D2-8F61-65F6D840DF02}
	EndGlobalSection
EndGlobal
