
Microsoft Visual Studio Solution File, Format Version 12.00
# Visual Studio Version 17
VisualStudioVersion = 17.2.32505.173
MinimumVisualStudioVersion = 10.0.40219.1
Project("{FAE04EC0-301F-11D3-BF4B-00C04F79EFBC}") = "OCRWinform", "OCRWinform.csproj", "{491C00A6-7255-4811-89DB-8F7FF3DA3131}"
EndProject
Global
	GlobalSection(SolutionConfigurationPlatforms) = preSolution
		Debug|Any CPU = Debug|Any CPU
		Debug|x64 = Debug|x64
		Debug|x86 = Debug|x86
		Release|Any CPU = Release|Any CPU
		Release|x64 = Release|x64
		Release|x86 = Release|x86
	EndGlobalSection
	GlobalSection(ProjectConfigurationPlatforms) = postSolution
		{491C00A6-7255-4811-89DB-8F7FF3DA3131}.Debug|Any CPU.ActiveCfg = Debug|Any CPU
		{491C00A6-7255-4811-89DB-8F7FF3DA3131}.Debug|Any CPU.Build.0 = Debug|Any CPU
		{491C00A6-7255-4811-89DB-8F7FF3DA3131}.Debug|x64.ActiveCfg = Debug|x64
		{491C00A6-7255-4811-89DB-8F7FF3DA3131}.Debug|x64.Build.0 = Debug|x64
		{491C00A6-7255-4811-89DB-8F7FF3DA3131}.Debug|x86.ActiveCfg = Debug|x86
		{491C00A6-7255-4811-89DB-8F7FF3DA3131}.Debug|x86.Build.0 = Debug|x86
		{491C00A6-7255-4811-89DB-8F7FF3DA3131}.Release|Any CPU.ActiveCfg = Release|Any CPU
		{491C00A6-7255-4811-89DB-8F7FF3DA3131}.Release|Any CPU.Build.0 = Release|Any CPU
		{491C00A6-7255-4811-89DB-8F7FF3DA3131}.Release|x64.ActiveCfg = Release|x64
		{491C00A6-7255-4811-89DB-8F7FF3DA3131}.Release|x64.Build.0 = Release|x64
		{491C00A6-7255-4811-89DB-8F7FF3DA3131}.Release|x86.ActiveCfg = Release|x86
		{491C00A6-7255-4811-89DB-8F7FF3DA3131}.Release|x86.Build.0 = Release|x86
	EndGlobalSection
	GlobalSection(SolutionProperties) = preSolution
		HideSolutionNode = FALSE
	EndGlobalSection
	GlobalSection(ExtensibilityGlobals) = postSolution
		SolutionGuid = {92E96EA9-74ED-4CCA-8EE9-1D4F30B1154D}
	EndGlobalSection
EndGlobal
